
Microsoft Visual Studio Solution File, Format Version 12.00
# Visual Studio Version 16
VisualStudioVersion = 16.0.31129.286
MinimumVisualStudioVersion = 10.0.40219.1
Project("{8BC9CEB8-8B4A-11D0-8D11-00A0C91BC942}") = "01_hello_world", "01_hello_world\01_hello_world.vcxproj", "{C7A83A2E-7E2C-42D7-AFEF-2DE83E5639DE}"
EndProject
Project("{8BC9CEB8-8B4A-11D0-8D11-00A0C91BC942}") = "00_utils", "00_utils\00_utils.vcxproj", "{F37B13C1-0401-42A6-8C5D-B4B425BE23E5}"
EndProject
Project("{8BC9CEB8-8B4A-11D0-8D11-00A0C91BC942}") = "02_axpy", "02_axpy\02_axpy.vcxproj", "{C135252C-8687-42D7-AD0B-CA8C1FFF29B1}"
EndProject
Project("{8BC9CEB8-8B4A-11D0-8D11-00A0C91BC942}") = "03_gemm", "03_gemm\03_gemm.vcxproj", "{F11F9374-A8A4-456A-9B40-B28DA014EB83}"
EndProject
Project("{8BC9CEB8-8B4A-11D0-8D11-00A0C91BC942}") = "04_jacobi", "04_jacobi\04_jacobi.vcxproj", "{8BF840B4-AD43-4B1B-B6E8-0E50040ABB23}"
EndProject
Project("{8BC9CEB8-8B4A-11D0-8D11-00A0C91BC942}") = "05_hetero", "05_hetero\05_hetero.vcxproj", "{F5D1D806-C852-4FCD-A2FC-720843BCBDE2}"
EndProject
Global
	GlobalSection(SolutionConfigurationPlatforms) = preSolution
		Debug|x64 = Debug|x64
		Debug|x86 = Debug|x86
		Release|x64 = Release|x64
		Release|x86 = Release|x86
	EndGlobalSection
	GlobalSection(ProjectConfigurationPlatforms) = postSolution
		{C7A83A2E-7E2C-42D7-AFEF-2DE83E5639DE}.Debug|x64.ActiveCfg = Debug|x64
		{C7A83A2E-7E2C-42D7-AFEF-2DE83E5639DE}.Debug|x64.Build.0 = Debug|x64
		{C7A83A2E-7E2C-42D7-AFEF-2DE83E5639DE}.Debug|x86.ActiveCfg = Debug|Win32
		{C7A83A2E-7E2C-42D7-AFEF-2DE83E5639DE}.Debug|x86.Build.0 = Debug|Win32
		{C7A83A2E-7E2C-42D7-AFEF-2DE83E5639DE}.Release|x64.ActiveCfg = Release|x64
		{C7A83A2E-7E2C-42D7-AFEF-2DE83E5639DE}.Release|x64.Build.0 = Release|x64
		{C7A83A2E-7E2C-42D7-AFEF-2DE83E5639DE}.Release|x86.ActiveCfg = Release|Win32
		{C7A83A2E-7E2C-42D7-AFEF-2DE83E5639DE}.Release|x86.Build.0 = Release|Win32
		{F37B13C1-0401-42A6-8C5D-B4B425BE23E5}.Debug|x64.ActiveCfg = Debug|x64
		{F37B13C1-0401-42A6-8C5D-B4B425BE23E5}.Debug|x64.Build.0 = Debug|x64
		{F37B13C1-0401-42A6-8C5D-B4B425BE23E5}.Debug|x86.ActiveCfg = Debug|Win32
		{F37B13C1-0401-42A6-8C5D-B4B425BE23E5}.Debug|x86.Build.0 = Debug|Win32
		{F37B13C1-0401-42A6-8C5D-B4B425BE23E5}.Release|x64.ActiveCfg = Release|x64
		{F37B13C1-0401-42A6-8C5D-B4B425BE23E5}.Release|x64.Build.0 = Release|x64
		{F37B13C1-0401-42A6-8C5D-B4B425BE23E5}.Release|x86.ActiveCfg = Release|Win32
		{F37B13C1-0401-42A6-8C5D-B4B425BE23E5}.Release|x86.Build.0 = Release|Win32
		{C135252C-8687-42D7-AD0B-CA8C1FFF29B1}.Debug|x64.ActiveCfg = Debug|x64
		{C135252C-8687-42D7-AD0B-CA8C1FFF29B1}.Debug|x64.Build.0 = Debug|x64
		{C135252C-8687-42D7-AD0B-CA8C1FFF29B1}.Debug|x86.ActiveCfg = Debug|Win32
		{C135252C-8687-42D7-AD0B-CA8C1FFF29B1}.Debug|x86.Build.0 = Debug|Win32
		{C135252C-8687-42D7-AD0B-CA8C1FFF29B1}.Release|x64.ActiveCfg = Release|x64
		{C135252C-8687-42D7-AD0B-CA8C1FFF29B1}.Release|x64.Build.0 = Release|x64
		{C135252C-8687-42D7-AD0B-CA8C1FFF29B1}.Release|x86.ActiveCfg = Release|Win32
		{C135252C-8687-42D7-AD0B-CA8C1FFF29B1}.Release|x86.Build.0 = Release|Win32
		{F11F9374-A8A4-456A-9B40-B28DA014EB83}.Debug|x64.ActiveCfg = Debug|x64
		{F11F9374-A8A4-456A-9B40-B28DA014EB83}.Debug|x64.Build.0 = Debug|x64
		{F11F9374-A8A4-456A-9B40-B28DA014EB83}.Debug|x86.ActiveCfg = Debug|Win32
		{F11F9374-A8A4-456A-9B40-B28DA014EB83}.Debug|x86.Build.0 = Debug|Win32
		{F11F9374-A8A4-456A-9B40-B28DA014EB83}.Release|x64.ActiveCfg = Release|x64
		{F11F9374-A8A4-456A-9B40-B28DA014EB83}.Release|x64.Build.0 = Release|x64
		{F11F9374-A8A4-456A-9B40-B28DA014EB83}.Release|x86.ActiveCfg = Release|Win32
		{F11F9374-A8A4-456A-9B40-B28DA014EB83}.Release|x86.Build.0 = Release|Win32
		{8BF840B4-AD43-4B1B-B6E8-0E50040ABB23}.Debug|x64.ActiveCfg = Debug|x64
		{8BF840B4-AD43-4B1B-B6E8-0E50040ABB23}.Debug|x64.Build.0 = Debug|x64
		{8BF840B4-AD43-4B1B-B6E8-0E50040ABB23}.Debug|x86.ActiveCfg = Debug|Win32
		{8BF840B4-AD43-4B1B-B6E8-0E50040ABB23}.Debug|x86.Build.0 = Debug|Win32
		{8BF840B4-AD43-4B1B-B6E8-0E50040ABB23}.Release|x64.ActiveCfg = Release|x64
		{8BF840B4-AD43-4B1B-B6E8-0E50040ABB23}.Release|x64.Build.0 = Release|x64
		{8BF840B4-AD43-4B1B-B6E8-0E50040ABB23}.Release|x86.ActiveCfg = Release|Win32
		{8BF840B4-AD43-4B1B-B6E8-0E50040ABB23}.Release|x86.Build.0 = Release|Win32
		{F5D1D806-C852-4FCD-A2FC-720843BCBDE2}.Debug|x64.ActiveCfg = Debug|x64
		{F5D1D806-C852-4FCD-A2FC-720843BCBDE2}.Debug|x64.Build.0 = Debug|x64
		{F5D1D806-C852-4FCD-A2FC-720843BCBDE2}.Debug|x86.ActiveCfg = Debug|Win32
		{F5D1D806-C852-4FCD-A2FC-720843BCBDE2}.Debug|x86.Build.0 = Debug|Win32
		{F5D1D806-C852-4FCD-A2FC-720843BCBDE2}.Release|x64.ActiveCfg = Release|x64
		{F5D1D806-C852-4FCD-A2FC-720843BCBDE2}.Release|x64.Build.0 = Release|x64
		{F5D1D806-C852-4FCD-A2FC-720843BCBDE2}.Release|x86.ActiveCfg = Release|Win32
		{F5D1D806-C852-4FCD-A2FC-720843BCBDE2}.Release|x86.Build.0 = Release|Win32
	EndGlobalSection
	GlobalSection(SolutionProperties) = preSolution
		HideSolutionNode = FALSE
	EndGlobalSection
	GlobalSection(ExtensibilityGlobals) = postSolution
		SolutionGuid = {F8D78045-032D-415E-AD4B-84D5EC9D394D}
	EndGlobalSection
EndGlobal
